
Microsoft Visual Studio Solution File, Format Version 12.00
# Visual Studio Version 17
VisualStudioVersion = 17.12.35424.110
MinimumVisualStudioVersion = 10.0.40219.1
Project("{FAE04EC0-301F-11D3-BF4B-00C04F79EFBC}") = "UserManagementAPI", "UserManagementAPI\UserManagementAPI.csproj", "{6D9B363B-0DA2-4C6A-B371-10A5C1010B6B}"
EndProject
Project("{FAE04EC0-301F-11D3-BF4B-00C04F79EFBC}") = "UserAPI", "UserAPI\UserAPI.csproj", "{F3A0B4FF-8A07-4D73-843A-96BB6C91F765}"
EndProject
Global
	GlobalSection(SolutionConfigurationPlatforms) = preSolution
		Debug|Any CPU = Debug|Any CPU
		Release|Any CPU = Release|Any CPU
	EndGlobalSection
	GlobalSection(ProjectConfigurationPlatforms) = postSolution
		{6D9B363B-0DA2-4C6A-B371-10A5C1010B6B}.Debug|Any CPU.ActiveCfg = Debug|Any CPU
		{6D9B363B-0DA2-4C6A-B371-10A5C1010B6B}.Debug|Any CPU.Build.0 = Debug|Any CPU
		{6D9B363B-0DA2-4C6A-B371-10A5C1010B6B}.Release|Any CPU.ActiveCfg = Release|Any CPU
		{6D9B363B-0DA2-4C6A-B371-10A5C1010B6B}.Release|Any CPU.Build.0 = Release|Any CPU
		{F3A0B4FF-8A07-4D73-843A-96BB6C91F765}.Debug|Any CPU.ActiveCfg = Debug|Any CPU
		{F3A0B4FF-8A07-4D73-843A-96BB6C91F765}.Debug|Any CPU.Build.0 = Debug|Any CPU
		{F3A0B4FF-8A07-4D73-843A-96BB6C91F765}.Release|Any CPU.ActiveCfg = Release|Any CPU
		{F3A0B4FF-8A07-4D73-843A-96BB6C91F765}.Release|Any CPU.Build.0 = Release|Any CPU
	EndGlobalSection
	GlobalSection(SolutionProperties) = preSolution
		HideSolutionNode = FALSE
	EndGlobalSection
EndGlobal
